
Microsoft Visual Studio Solution File, Format Version 12.00
# Visual Studio Version 17
VisualStudioVersion = 17.5.002.0
MinimumVisualStudioVersion = 10.0.40219.1
Project("{9A19103F-16F7-4668-BE54-9A1E7A4F7556}") = "guessing game or something", "guessing game or something.csproj", "{4D57FB97-8EF5-4056-8CC0-DEF1D79B3AF5}"
EndProject
Global
	GlobalSection(SolutionConfigurationPlatforms) = preSolution
		Debug|Any CPU = Debug|Any CPU
		Release|Any CPU = Release|Any CPU
	EndGlobalSection
	GlobalSection(ProjectConfigurationPlatforms) = postSolution
		{4D57FB97-8EF5-4056-8CC0-DEF1D79B3AF5}.Debug|Any CPU.ActiveCfg = Debug|Any CPU
		{4D57FB97-8EF5-4056-8CC0-DEF1D79B3AF5}.Debug|Any CPU.Build.0 = Debug|Any CPU
		{4D57FB97-8EF5-4056-8CC0-DEF1D79B3AF5}.Release|Any CPU.ActiveCfg = Release|Any CPU
		{4D57FB97-8EF5-4056-8CC0-DEF1D79B3AF5}.Release|Any CPU.Build.0 = Release|Any CPU
	EndGlobalSection
	GlobalSection(SolutionProperties) = preSolution
		HideSolutionNode = FALSE
	EndGlobalSection
	GlobalSection(ExtensibilityGlobals) = postSolution
		SolutionGuid = {05EF130F-3800-4666-A93F-C9A33CEF4FA5}
	EndGlobalSection
EndGlobal
